PODS:
  - Koloda (4.6):
    - pop (~> 1.0)
  - pop (1.0.12)

DEPENDENCIES:
  - Koloda

SPEC REPOS:
  https://github.com/cocoapods/specs.git:
    - Koloda
    - pop

SPEC CHECKSUMS:
  Koloda: bcf5acded25fc49020d1447ed8ddd87e14d01e7e
  pop: d582054913807fd11fd50bfe6a539d91c7e1a55a

PODFILE CHECKSUM: 103b84af4b17ee8a65a57be1839c144f4e743bbc

COCOAPODS: 1.5.3
